{
  "version": 4,
  "terraform_version": "1.14.3",
  "serial": 25,
  "lineage": "bb09c4db-42a5-0927-0a14-07a8733f2f69",
  "outputs": {},
  "resources": [
    {
      "mode": "managed",
      "type": "helm_release",
      "name": "mariadb",
      "provider": "provider[\"registry.terraform.io/hashicorp/helm\"]",
      "instances": [
        {
          "schema_version": 1,
          "attributes": {
            "atomic": true,
            "chart": "mariadb",
            "cleanup_on_fail": true,
            "create_namespace": false,
            "dependency_update": false,
            "description": null,
            "devel": null,
            "disable_crd_hooks": false,
            "disable_openapi_validation": false,
            "disable_webhooks": false,
            "force_update": false,
            "id": "lc-db",
            "keyring": null,
            "lint": false,
            "manifest": null,
            "max_history": 0,
            "metadata": [
              {
                "app_version": "11.4.2",
                "chart": "mariadb",
                "first_deployed": 1769467345,
                "last_deployed": 1769470217,
                "name": "lc-db",
                "namespace": "default",
                "notes": "CHART NAME: mariadb\nCHART VERSION: 19.0.0\nAPP VERSION: 11.4.2\n\n** Please be patient while the chart is being deployed **\n\nTip:\n\n  Watch the deployment status using the command: kubectl get pods -w --namespace default -l app.kubernetes.io/instance=lc-db\n\nServices:\n\n  echo Primary: lc-db-mariadb.default.svc.cluster.local:3306\n\nAdministrator credentials:\n\n  Username: root\n  Password : $(kubectl get secret --namespace default lc-db-mariadb -o jsonpath=\"{.data.mariadb-root-password}\" | base64 -d)\n\nTo connect to your database:\n\n  1. Run a pod that you can use as a client:\n\n      kubectl run lc-db-mariadb-client --rm --tty -i --restart='Never' --image  docker.io/bitnami/mariadb:latest --namespace default --command -- bash\n\n  2. To connect to primary service (read/write):\n\n      mysql -h lc-db-mariadb.default.svc.cluster.local -uroot -p my_database\n\nTo upgrade this helm chart:\n\n  1. Obtain the password as described on the 'Administrator credentials' section and set the 'auth.rootPassword' parameter as shown below:\n\n      ROOT_PASSWORD=$(kubectl get secret --namespace default lc-db-mariadb -o jsonpath=\"{.data.mariadb-root-password}\" | base64 -d)\n      helm upgrade --namespace default lc-db oci://registry-1.docker.io/bitnamicharts/mariadb --set auth.rootPassword=$ROOT_PASSWORD\nWARNING: Rolling tag detected (bitnami/mariadb:latest), please note that it is strongly recommended to avoid using rolling tags in a production environment.\n+info https://docs.vmware.com/en/VMware-Tanzu-Application-Catalog/services/tutorials/GUID-understand-rolling-tags-containers-index.html\n\nWARNING: There are \"resources\" sections in the chart not set. Using \"resourcesPreset\" is not recommended for production. For production installations, please set the following values according to your workload needs:\n  - primary.resources\n  - secondary.resources\n+info https://kubernetes.io/docs/concepts/configuration/manage-resources-containers/\n\n⚠ SECURITY WARNING: Original containers have been substituted. This Helm chart was designed, tested, and validated on multiple platforms using a specific set of Bitnami and Tanzu Application Catalog containers. Substituting other containers is likely to cause degraded security and performance, broken chart features, and missing environment variables.\n\nSubstituted images detected:\n  - docker.io/bitnami/mariadb:latest",
                "revision": 2,
                "values": "{\"auth\":{\"rootPassword\":\"root\"},\"image\":{\"pullPolicy\":\"IfNotPresent\",\"registry\":\"docker.io\",\"repository\":\"bitnami/mariadb\",\"tag\":\"latest\"},\"initdbScripts\":{\"create_dbs.sql\":\"CREATE DATABASE IF NOT EXISTS logcollector;\\r\\nCREATE DATABASE IF NOT EXISTS knowledge_base;\\r\\nGRANT ALL PRIVILEGES ON logcollector.* TO 'root'@'%';\\r\\nGRANT ALL PRIVILEGES ON knowledge_base.* TO 'root'@'%';\\r\\nFLUSH PRIVILEGES;\\r\\n\"},\"primary\":{\"extraEnvVars\":[{\"name\":\"TZ\",\"value\":\"Asia/Seoul\"}],\"persistence\":{\"enabled\":false}}}",
                "version": "19.0.0"
              }
            ],
            "name": "lc-db",
            "namespace": "default",
            "pass_credentials": false,
            "postrender": [],
            "recreate_pods": false,
            "render_subchart_notes": true,
            "replace": false,
            "repository": "https://charts.bitnami.com/bitnami",
            "repository_ca_file": null,
            "repository_cert_file": null,
            "repository_key_file": null,
            "repository_password": null,
            "repository_username": null,
            "reset_values": false,
            "reuse_values": false,
            "set": [],
            "set_list": [],
            "set_sensitive": [],
            "skip_crds": false,
            "status": "deployed",
            "timeout": 900,
            "upgrade_install": null,
            "values": [
              "\"auth\":\n  \"rootPassword\": \"root\"\n\"image\":\n  \"pullPolicy\": \"IfNotPresent\"\n  \"registry\": \"docker.io\"\n  \"repository\": \"bitnami/mariadb\"\n  \"tag\": \"latest\"\n\"initdbScripts\":\n  \"create_dbs.sql\": \"CREATE DATABASE IF NOT EXISTS logcollector;\\r\\nCREATE DATABASE\n    IF NOT EXISTS knowledge_base;\\r\\nGRANT ALL PRIVILEGES ON logcollector.* TO 'root'@'%';\\r\\nGRANT\n    ALL PRIVILEGES ON knowledge_base.* TO 'root'@'%';\\r\\nFLUSH PRIVILEGES;\\r\\n\"\n\"primary\":\n  \"extraEnvVars\":\n  - \"name\": \"TZ\"\n    \"value\": \"Asia/Seoul\"\n  \"persistence\":\n    \"enabled\": false\n"
            ],
            "verify": false,
            "version": "19.0.0",
            "wait": true,
            "wait_for_jobs": false
          },
          "sensitive_attributes": [
            [
              {
                "type": "get_attr",
                "value": "repository_password"
              }
            ],
            [
              {
                "type": "get_attr",
                "value": "values"
              },
              {
                "type": "index",
                "value": {
                  "value": 0,
                  "type": "number"
                }
              }
            ]
          ],
          "identity_schema_version": 0,
          "private": "eyJzY2hlbWFfdmVyc2lvbiI6IjEifQ=="
        }
      ]
    },
    {
      "mode": "managed",
      "type": "helm_release",
      "name": "monitoring",
      "provider": "provider[\"registry.terraform.io/hashicorp/helm\"]",
      "instances": [
        {
          "schema_version": 1,
          "attributes": {
            "atomic": true,
            "chart": "kube-prometheus-stack",
            "cleanup_on_fail": true,
            "create_namespace": true,
            "dependency_update": false,
            "description": null,
            "devel": null,
            "disable_crd_hooks": false,
            "disable_openapi_validation": false,
            "disable_webhooks": false,
            "force_update": false,
            "id": "monitoring",
            "keyring": null,
            "lint": false,
            "manifest": null,
            "max_history": 0,
            "metadata": [
              {
                "app_version": "v0.88.0",
                "chart": "kube-prometheus-stack",
                "first_deployed": 1769465482,
                "last_deployed": 1769471522,
                "name": "monitoring",
                "namespace": "monitoring",
                "notes": "1. Get the application URL by running these commands:\n  export POD_NAME=$(kubectl get pods --namespace monitoring -l \"app.kubernetes.io/name=prometheus-node-exporter,app.kubernetes.io/instance=monitoring\" -o jsonpath=\"{.items[0].metadata.name}\")\n  echo \"Visit http://127.0.0.1:9100 to use your application\"\n  kubectl port-forward --namespace monitoring $POD_NAME 9100\nkube-prometheus-stack has been installed. Check its status by running:\n  kubectl --namespace monitoring get pods -l \"release=monitoring\"\n\nGet Grafana 'admin' user password by running:\n\n  kubectl --namespace monitoring get secrets monitoring-grafana -o jsonpath=\"{.data.admin-password}\" | base64 -d ; echo\n\nAccess Grafana local instance:\n\n  export POD_NAME=$(kubectl --namespace monitoring get pod -l \"app.kubernetes.io/name=grafana,app.kubernetes.io/instance=monitoring\" -oname)\n  kubectl --namespace monitoring port-forward $POD_NAME 3000\n\nGet your grafana admin user password by running:\n\n  kubectl get secret --namespace monitoring -l app.kubernetes.io/component=admin-secret -o jsonpath=\"{.items[0].data.admin-password}\" | base64 --decode ; echo\n\n\nVisit https://github.com/prometheus-operator/kube-prometheus for instructions on how to create \u0026 configure Alertmanager and Prometheus instances using the Operator.\n\nkube-state-metrics is a simple service that listens to the Kubernetes API server and generates metrics about the state of the objects.\nThe exposed metrics can be found here:\nhttps://github.com/kubernetes/kube-state-metrics/blob/master/docs/README.md#exposed-metrics\n\nThe metrics are exported on the HTTP endpoint /metrics on the listening port.\nIn your case, monitoring-kube-state-metrics.monitoring.svc.cluster.local:8080/metrics\n\nThey are served either as plaintext or protobuf depending on the Accept header.\nThey are designed to be consumed either by Prometheus itself or by a scraper that is compatible with scraping a Prometheus client endpoint.\n\n1. Get your 'admin' user password by running:\n\n   kubectl get secret --namespace monitoring monitoring-grafana -o jsonpath=\"{.data.admin-password}\" | base64 --decode ; echo\n\n\n2. The Grafana server can be accessed via port 80 on the following DNS name from within your cluster:\n\n   monitoring-grafana.monitoring.svc.cluster.local\n\n   Get the Grafana URL to visit by running these commands in the same shell:\n     export POD_NAME=$(kubectl get pods --namespace monitoring -l \"app.kubernetes.io/name=grafana,app.kubernetes.io/instance=monitoring\" -o jsonpath=\"{.items[0].metadata.name}\")\n     kubectl --namespace monitoring port-forward $POD_NAME 3000\n\n3. Login with the password from step 1 and the username: admin\n#################################################################################\n######   WARNING: Persistence is disabled!!! You will lose your data when   #####\n######            the Grafana pod is terminated.                            #####\n#################################################################################\n",
                "revision": 3,
                "values": "{\"grafana\":{\"adminPassword\":\"admin\"}}",
                "version": "81.2.2"
              }
            ],
            "name": "monitoring",
            "namespace": "monitoring",
            "pass_credentials": false,
            "postrender": [],
            "recreate_pods": false,
            "render_subchart_notes": true,
            "replace": false,
            "repository": "https://prometheus-community.github.io/helm-charts",
            "repository_ca_file": null,
            "repository_cert_file": null,
            "repository_key_file": null,
            "repository_password": null,
            "repository_username": null,
            "reset_values": false,
            "reuse_values": false,
            "set": [],
            "set_list": [],
            "set_sensitive": [],
            "skip_crds": false,
            "status": "deployed",
            "timeout": 900,
            "upgrade_install": null,
            "values": [
              "\"grafana\":\n  \"adminPassword\": \"admin\"\n"
            ],
            "verify": false,
            "version": "81.2.2",
            "wait": true,
            "wait_for_jobs": false
          },
          "sensitive_attributes": [
            [
              {
                "type": "get_attr",
                "value": "repository_password"
              }
            ]
          ],
          "identity_schema_version": 0,
          "private": "eyJzY2hlbWFfdmVyc2lvbiI6IjEifQ=="
        }
      ]
    },
    {
      "mode": "managed",
      "type": "helm_release",
      "name": "redis",
      "provider": "provider[\"registry.terraform.io/hashicorp/helm\"]",
      "instances": [
        {
          "schema_version": 1,
          "attributes": {
            "atomic": true,
            "chart": "redis",
            "cleanup_on_fail": true,
            "create_namespace": false,
            "dependency_update": false,
            "description": null,
            "devel": null,
            "disable_crd_hooks": false,
            "disable_openapi_validation": false,
            "disable_webhooks": false,
            "force_update": false,
            "id": "lc-redis",
            "keyring": null,
            "lint": false,
            "manifest": null,
            "max_history": 0,
            "metadata": [
              {
                "app_version": "7.2.4",
                "chart": "redis",
                "first_deployed": 1769467334,
                "last_deployed": 1769470206,
                "name": "lc-redis",
                "namespace": "default",
                "notes": "CHART NAME: redis\nCHART VERSION: 19.0.0\nAPP VERSION: 7.2.4\n\n** Please be patient while the chart is being deployed **\n\nRedis\u0026reg; can be accessed via port 6379 on the following DNS name from within your cluster:\n\n    lc-redis-master.default.svc.cluster.local\n\n\n\nTo connect to your Redis\u0026reg; server:\n\n1. Run a Redis\u0026reg; pod that you can use as a client:\n\n   kubectl run --namespace default redis-client --restart='Never'  --image docker.io/bitnami/redis:latest --command -- sleep infinity\n\n   Use the following command to attach to the pod:\n\n   kubectl exec --tty -i redis-client \\\n   --namespace default -- bash\n\n2. Connect using the Redis\u0026reg; CLI:\n   redis-cli -h lc-redis-master\n\nTo connect to your database from outside the cluster execute the following commands:\n\n    kubectl port-forward --namespace default svc/lc-redis-master 6379:6379 \u0026\n    redis-cli -h 127.0.0.1 -p 6379\nWARNING: Rolling tag detected (bitnami/redis:latest), please note that it is strongly recommended to avoid using rolling tags in a production environment.\n+info https://docs.bitnami.com/tutorials/understand-rolling-tags-containers\n\nWARNING: There are \"resources\" sections in the chart not set. Using \"resourcesPreset\" is not recommended for production. For production installations, please set the following values according to your workload needs:\n  - master.resources\n  - replica.resources\n+info https://kubernetes.io/docs/concepts/configuration/manage-resources-containers/\n",
                "revision": 2,
                "values": "{\"architecture\":\"standalone\",\"auth\":{\"enabled\":false},\"image\":{\"pullPolicy\":\"IfNotPresent\",\"registry\":\"docker.io\",\"repository\":\"bitnami/redis\",\"tag\":\"latest\"},\"master\":{\"extraEnvVars\":[{\"name\":\"TZ\",\"value\":\"Asia/Seoul\"}],\"persistence\":{\"enabled\":false}}}",
                "version": "19.0.0"
              }
            ],
            "name": "lc-redis",
            "namespace": "default",
            "pass_credentials": false,
            "postrender": [],
            "recreate_pods": false,
            "render_subchart_notes": true,
            "replace": false,
            "repository": "https://charts.bitnami.com/bitnami",
            "repository_ca_file": null,
            "repository_cert_file": null,
            "repository_key_file": null,
            "repository_password": null,
            "repository_username": null,
            "reset_values": false,
            "reuse_values": false,
            "set": [],
            "set_list": [],
            "set_sensitive": [],
            "skip_crds": false,
            "status": "deployed",
            "timeout": 900,
            "upgrade_install": null,
            "values": [
              "\"architecture\": \"standalone\"\n\"auth\":\n  \"enabled\": false\n\"image\":\n  \"pullPolicy\": \"IfNotPresent\"\n  \"registry\": \"docker.io\"\n  \"repository\": \"bitnami/redis\"\n  \"tag\": \"latest\"\n\"master\":\n  \"extraEnvVars\":\n  - \"name\": \"TZ\"\n    \"value\": \"Asia/Seoul\"\n  \"persistence\":\n    \"enabled\": false\n"
            ],
            "verify": false,
            "version": "19.0.0",
            "wait": true,
            "wait_for_jobs": false
          },
          "sensitive_attributes": [
            [
              {
                "type": "get_attr",
                "value": "repository_password"
              }
            ]
          ],
          "identity_schema_version": 0,
          "private": "eyJzY2hlbWFfdmVyc2lvbiI6IjEifQ=="
        }
      ]
    },
    {
      "mode": "managed",
      "type": "kubernetes_deployment_v1",
      "name": "log_app",
      "provider": "provider[\"registry.terraform.io/hashicorp/kubernetes\"]",
      "instances": [
        {
          "schema_version": 1,
          "attributes": {
            "id": "default/log-app-deploy",
            "metadata": [
              {
                "annotations": {},
                "generate_name": "",
                "generation": 1,
                "labels": {
                  "app": "log-app"
                },
                "name": "log-app-deploy",
                "namespace": "default",
                "resource_version": "251789",
                "uid": "6db4ea48-6fed-4666-9fdd-61a6dbe1fc91"
              }
            ],
            "spec": [
              {
                "min_ready_seconds": 0,
                "paused": false,
                "progress_deadline_seconds": 600,
                "replicas": "2",
                "revision_history_limit": 10,
                "selector": [
                  {
                    "match_expressions": [],
                    "match_labels": {
                      "app": "log-app"
                    }
                  }
                ],
                "strategy": [
                  {
                    "rolling_update": [
                      {
                        "max_surge": "25%",
                        "max_unavailable": "25%"
                      }
                    ],
                    "type": "RollingUpdate"
                  }
                ],
                "template": [
                  {
                    "metadata": [
                      {
                        "annotations": {},
                        "generate_name": "",
                        "generation": 0,
                        "labels": {
                          "app": "log-app"
                        },
                        "name": "",
                        "namespace": "",
                        "resource_version": "",
                        "uid": ""
                      }
                    ],
                    "spec": [
                      {
                        "active_deadline_seconds": 0,
                        "affinity": [],
                        "automount_service_account_token": true,
                        "container": [
                          {
                            "args": [],
                            "command": [],
                            "env": [
                              {
                                "name": "TZ",
                                "value": "Asia/Seoul",
                                "value_from": []
                              },
                              {
                                "name": "SPRING_PROFILES_ACTIVE",
                                "value": "docker",
                                "value_from": []
                              },
                              {
                                "name": "SPRING_LC_DATASOURCE_URL",
                                "value": "jdbc:mariadb://lc-db-mariadb:3306/logcollector?createDatabaseIfNotExist=true",
                                "value_from": []
                              },
                              {
                                "name": "SPRING_LC_DATASOURCE_USERNAME",
                                "value": "root",
                                "value_from": []
                              },
                              {
                                "name": "SPRING_LC_DATASOURCE_PASSWORD",
                                "value": "",
                                "value_from": [
                                  {
                                    "config_map_key_ref": [],
                                    "field_ref": [],
                                    "resource_field_ref": [],
                                    "secret_key_ref": [
                                      {
                                        "key": "mariadb-root-password",
                                        "name": "lc-db-mariadb",
                                        "optional": false
                                      }
                                    ]
                                  }
                                ]
                              },
                              {
                                "name": "SPRING_KB_DATASOURCE_URL",
                                "value": "jdbc:mariadb://lc-db-mariadb:3306/knowledge_base?createDatabaseIfNotExist=true",
                                "value_from": []
                              },
                              {
                                "name": "SPRING_KB_DATASOURCE_USERNAME",
                                "value": "root",
                                "value_from": []
                              },
                              {
                                "name": "SPRING_KB_DATASOURCE_PASSWORD",
                                "value": "",
                                "value_from": [
                                  {
                                    "config_map_key_ref": [],
                                    "field_ref": [],
                                    "resource_field_ref": [],
                                    "secret_key_ref": [
                                      {
                                        "key": "mariadb-root-password",
                                        "name": "lc-db-mariadb",
                                        "optional": false
                                      }
                                    ]
                                  }
                                ]
                              },
                              {
                                "name": "SPRING_REDIS_HOST",
                                "value": "lc-redis-master",
                                "value_from": []
                              },
                              {
                                "name": "OPENAI_API_KEY",
                                "value": "",
                                "value_from": [
                                  {
                                    "config_map_key_ref": [],
                                    "field_ref": [],
                                    "resource_field_ref": [],
                                    "secret_key_ref": [
                                      {
                                        "key": "openai-api-key",
                                        "name": "logcollector-secrets",
                                        "optional": false
                                      }
                                    ]
                                  }
                                ]
                              }
                            ],
                            "env_from": [],
                            "image": "logcollector-log-app:latest",
                            "image_pull_policy": "Never",
                            "lifecycle": [],
                            "liveness_probe": [],
                            "name": "log-app",
                            "port": [
                              {
                                "container_port": 8081,
                                "host_ip": "",
                                "host_port": 0,
                                "name": "",
                                "protocol": "TCP"
                              }
                            ],
                            "readiness_probe": [],
                            "resources": [
                              {
                                "limits": {},
                                "requests": {}
                              }
                            ],
                            "restart_policy": "",
                            "security_context": [],
                            "startup_probe": [],
                            "stdin": false,
                            "stdin_once": false,
                            "termination_message_path": "/dev/termination-log",
                            "termination_message_policy": "File",
                            "tty": false,
                            "volume_device": [],
                            "volume_mount": [],
                            "working_dir": ""
                          }
                        ],
                        "dns_config": [],
                        "dns_policy": "ClusterFirst",
                        "enable_service_links": true,
                        "host_aliases": [],
                        "host_ipc": false,
                        "host_network": false,
                        "host_pid": false,
                        "hostname": "",
                        "image_pull_secrets": [],
                        "init_container": [],
                        "node_name": "",
                        "node_selector": {},
                        "os": [],
                        "priority_class_name": "",
                        "readiness_gate": [],
                        "restart_policy": "Always",
                        "runtime_class_name": "",
                        "scheduler_name": "default-scheduler",
                        "security_context": [],
                        "service_account_name": "",
                        "share_process_namespace": false,
                        "subdomain": "",
                        "termination_grace_period_seconds": 30,
                        "toleration": [],
                        "topology_spread_constraint": [],
                        "volume": []
                      }
                    ]
                  }
                ]
              }
            ],
            "timeouts": null,
            "wait_for_rollout": true
          },
          "sensitive_attributes": [],
          "identity_schema_version": 1,
          "identity": {
            "api_version": "apps/v1",
            "kind": "Deployment",
            "name": "log-app-deploy",
            "namespace": "default"
          },
          "private": "eyJlMmJmYjczMC1lY2FhLTExZTYtOGY4OC0zNDM2M2JjN2M0YzAiOnsiY3JlYXRlIjo2MDAwMDAwMDAwMDAsImRlbGV0ZSI6NjAwMDAwMDAwMDAwLCJ1cGRhdGUiOjYwMDAwMDAwMDAwMH0sInNjaGVtYV92ZXJzaW9uIjoiMSJ9"
        }
      ]
    },
    {
      "mode": "managed",
      "type": "kubernetes_secret_v1",
      "name": "logcollector_secrets",
      "provider": "provider[\"registry.terraform.io/hashicorp/kubernetes\"]",
      "instances": [
        {
          "schema_version": 0,
          "attributes": {
            "binary_data": null,
            "binary_data_wo": null,
            "binary_data_wo_revision": null,
            "data": {
              "db-root-password": "cm9vdA==",
              "openai-api-key": "c2stc3ZjYWNjdC1uTURrWVpBdTlJOF9EeDFnOExaM3hDTlF4X1JlR1NIbWsyaFFRVWg0ZkpDVFdmcUJyRHQ4VGN2cmpEZ2JPRGYtQmdrU0UtQWJuUFQzQmxia0ZKTjVDdkNKNUpPUUdIZUhjTHZSQkNIR19pbGt3dnh4aUxOMkpDVzg0Q2NjYVdsSzltb0Y2Uk1ZVWxQa19Xb2duTm5yVlh6T0Z1NEE="
            },
            "data_wo": null,
            "data_wo_revision": null,
            "id": "default/logcollector-secrets",
            "immutable": false,
            "metadata": [
              {
                "annotations": {},
                "generate_name": "",
                "generation": 0,
                "labels": {},
                "name": "logcollector-secrets",
                "namespace": "default",
                "resource_version": "245097",
                "uid": "33402b17-671a-4524-aa68-4553ba1e8265"
              }
            ],
            "timeouts": null,
            "type": "Opaque",
            "wait_for_service_account_token": true
          },
          "sensitive_attributes": [
            [
              {
                "type": "get_attr",
                "value": "binary_data"
              }
            ],
            [
              {
                "type": "get_attr",
                "value": "data"
              }
            ],
            [
              {
                "type": "get_attr",
                "value": "data"
              },
              {
                "type": "index",
                "value": {
                  "value": "db-root-password",
                  "type": "string"
                }
              }
            ],
            [
              {
                "type": "get_attr",
                "value": "data"
              },
              {
                "type": "index",
                "value": {
                  "value": "openai-api-key",
                  "type": "string"
                }
              }
            ]
          ],
          "identity_schema_version": 1,
          "identity": {
            "api_version": "v1",
            "kind": "Secret",
            "name": "logcollector-secrets",
            "namespace": "default"
          },
          "private": "eyJlMmJmYjczMC1lY2FhLTExZTYtOGY4OC0zNDM2M2JjN2M0YzAiOnsiY3JlYXRlIjo2MDAwMDAwMDAwMH19"
        }
      ]
    },
    {
      "mode": "managed",
      "type": "kubernetes_service_v1",
      "name": "log_app_service",
      "provider": "provider[\"registry.terraform.io/hashicorp/kubernetes\"]",
      "instances": [
        {
          "schema_version": 1,
          "attributes": {
            "id": "default/log-app-service",
            "metadata": [
              {
                "annotations": {},
                "generate_name": "",
                "generation": 0,
                "labels": {},
                "name": "log-app-service",
                "namespace": "default",
                "resource_version": "251751",
                "uid": "244936bc-9c8d-48b3-9056-d536a4b399bc"
              }
            ],
            "spec": [
              {
                "allocate_load_balancer_node_ports": true,
                "cluster_ip": "10.100.183.125",
                "cluster_ips": [
                  "10.100.183.125"
                ],
                "external_ips": [],
                "external_name": "",
                "external_traffic_policy": "Cluster",
                "health_check_node_port": 0,
                "internal_traffic_policy": "Cluster",
                "ip_families": [
                  "IPv4"
                ],
                "ip_family_policy": "SingleStack",
                "load_balancer_class": "",
                "load_balancer_ip": "",
                "load_balancer_source_ranges": [],
                "port": [
                  {
                    "app_protocol": "",
                    "name": "",
                    "node_port": 32516,
                    "port": 8081,
                    "protocol": "TCP",
                    "target_port": "8081"
                  }
                ],
                "publish_not_ready_addresses": false,
                "selector": {
                  "app": "log-app"
                },
                "session_affinity": "None",
                "session_affinity_config": [],
                "type": "LoadBalancer"
              }
            ],
            "status": [
              {
                "load_balancer": [
                  {
                    "ingress": [
                      {
                        "hostname": "localhost",
                        "ip": "",
                        "ip_mode": ""
                      }
                    ]
                  }
                ]
              }
            ],
            "timeouts": null,
            "wait_for_load_balancer": true
          },
          "sensitive_attributes": [],
          "identity_schema_version": 1,
          "identity": {
            "api_version": "v1",
            "kind": "Service",
            "name": "log-app-service",
            "namespace": "default"
          },
          "private": "eyJlMmJmYjczMC1lY2FhLTExZTYtOGY4OC0zNDM2M2JjN2M0YzAiOnsiY3JlYXRlIjo2MDAwMDAwMDAwMDB9LCJzY2hlbWFfdmVyc2lvbiI6IjEifQ=="
        }
      ]
    }
  ],
  "check_results": null
}
